
Microsoft Visual Studio Solution File, Format Version 12.00
# Visual Studio Version 16
VisualStudioVersion = 16.0.31424.327
MinimumVisualStudioVersion = 10.0.40219.1
Project("{9A19103F-16F7-4668-BE54-9A1E7A4F7556}") = "AutoCenter.App", "AutoCenter.App\AutoCenter.App.csproj", "{6DBA307A-6D45-409E-96BF-E0D1B65BFD20}"
EndProject
Project("{9A19103F-16F7-4668-BE54-9A1E7A4F7556}") = "AutoCenter.Domain", "AutoCenter.Domains\AutoCenter.Domain.csproj", "{B23E588E-179A-4A46-87A2-05CAD4A90149}"
EndProject
Project("{9A19103F-16F7-4668-BE54-9A1E7A4F7556}") = "AutoCenter.Repository", "AutoCenter.Repository\AutoCenter.Repository.csproj", "{ED27718E-D851-491E-85E4-BECC9C51CF87}"
EndProject
Project("{FAE04EC0-301F-11D3-BF4B-00C04F79EFBC}") = "AutoCenter.UnitTest", "AutoCenter.UnitTest\AutoCenter.UnitTest.csproj", "{90C42B7B-D4C3-4216-BCBC-1B808F9DA4EF}"
EndProject
Global
	GlobalSection(SolutionConfigurationPlatforms) = preSolution
		Debug|Any CPU = Debug|Any CPU
		Release|Any CPU = Release|Any CPU
	EndGlobalSection
	GlobalSection(ProjectConfigurationPlatforms) = postSolution
		{6DBA307A-6D45-409E-96BF-E0D1B65BFD20}.Debug|Any CPU.ActiveCfg = Debug|Any CPU
		{6DBA307A-6D45-409E-96BF-E0D1B65BFD20}.Debug|Any CPU.Build.0 = Debug|Any CPU
		{6DBA307A-6D45-409E-96BF-E0D1B65BFD20}.Release|Any CPU.ActiveCfg = Release|Any CPU
		{6DBA307A-6D45-409E-96BF-E0D1B65BFD20}.Release|Any CPU.Build.0 = Release|Any CPU
		{B23E588E-179A-4A46-87A2-05CAD4A90149}.Debug|Any CPU.ActiveCfg = Debug|Any CPU
		{B23E588E-179A-4A46-87A2-05CAD4A90149}.Debug|Any CPU.Build.0 = Debug|Any CPU
		{B23E588E-179A-4A46-87A2-05CAD4A90149}.Release|Any CPU.ActiveCfg = Release|Any CPU
		{B23E588E-179A-4A46-87A2-05CAD4A90149}.Release|Any CPU.Build.0 = Release|Any CPU
		{ED27718E-D851-491E-85E4-BECC9C51CF87}.Debug|Any CPU.ActiveCfg = Debug|Any CPU
		{ED27718E-D851-491E-85E4-BECC9C51CF87}.Debug|Any CPU.Build.0 = Debug|Any CPU
		{ED27718E-D851-491E-85E4-BECC9C51CF87}.Release|Any CPU.ActiveCfg = Release|Any CPU
		{ED27718E-D851-491E-85E4-BECC9C51CF87}.Release|Any CPU.Build.0 = Release|Any CPU
		{90C42B7B-D4C3-4216-BCBC-1B808F9DA4EF}.Debug|Any CPU.ActiveCfg = Debug|Any CPU
		{90C42B7B-D4C3-4216-BCBC-1B808F9DA4EF}.Debug|Any CPU.Build.0 = Debug|Any CPU
		{90C42B7B-D4C3-4216-BCBC-1B808F9DA4EF}.Release|Any CPU.ActiveCfg = Release|Any CPU
		{90C42B7B-D4C3-4216-BCBC-1B808F9DA4EF}.Release|Any CPU.Build.0 = Release|Any CPU
	EndGlobalSection
	GlobalSection(SolutionProperties) = preSolution
		HideSolutionNode = FALSE
	EndGlobalSection
	GlobalSection(ExtensibilityGlobals) = postSolution
		SolutionGuid = {6F71009B-A58C-4A91-A5AC-4B9031E79660}
	EndGlobalSection
EndGlobal
